
Microsoft Visual Studio Solution File, Format Version 12.00
# Visual Studio Version 16
VisualStudioVersion = 16.0.31613.86
MinimumVisualStudioVersion = 10.0.40219.1
Project("{FAE04EC0-301F-11D3-BF4B-00C04F79EFBC}") = "S.A_Vistorias_ocorrencias", "S.A_Vistorias_ocorrencias\S.A_Vistorias_ocorrencias.csproj", "{CC9FD3D8-0138-4A61-B799-B44C1B3B6072}"
EndProject
Global
	GlobalSection(SolutionConfigurationPlatforms) = preSolution
		Debug|Any CPU = Debug|Any CPU
		Release|Any CPU = Release|Any CPU
	EndGlobalSection
	GlobalSection(ProjectConfigurationPlatforms) = postSolution
		{CC9FD3D8-0138-4A61-B799-B44C1B3B6072}.Debug|Any CPU.ActiveCfg = Debug|Any CPU
		{CC9FD3D8-0138-4A61-B799-B44C1B3B6072}.Debug|Any CPU.Build.0 = Debug|Any CPU
		{CC9FD3D8-0138-4A61-B799-B44C1B3B6072}.Release|Any CPU.ActiveCfg = Release|Any CPU
		{CC9FD3D8-0138-4A61-B799-B44C1B3B6072}.Release|Any CPU.Build.0 = Release|Any CPU
	EndGlobalSection
	GlobalSection(SolutionProperties) = preSolution
		HideSolutionNode = FALSE
	EndGlobalSection
	GlobalSection(ExtensibilityGlobals) = postSolution
		SolutionGuid = {DA667116-D440-4801-9E9A-438BFEF15090}
	EndGlobalSection
EndGlobal
